// !$*UTF8*$!
{
	archiveVersion = 1;
	classes = {
	};
	objectVersion = 56;
	objects = {

/* Begin PBXBuildFile section */
		127F94BAB861FF7F4105FC60 /* Pods_MapDemo.framework in Frameworks */ = {isa = PBXBuildFile; fileRef = 31DB98EB3432A1D17362D6DB /* Pods_MapDemo.framework */; };
		9F2CD56C29EEFE4D00239067 /* AppDelegate.swift in Sources */ = {isa = PBXBuildFile; fileRef = 9F2CD56B29EEFE4D00239067 /* AppDelegate.swift */; };
		9F2CD57029EEFE4D00239067 /* ViewController.swift in Sources */ = {isa = PBXBuildFile; fileRef = 9F2CD56F29EEFE4D00239067 /* ViewController.swift */; };
		9F2CD57529EEFE5000239067 /* Assets.xcassets in Resources */ = {isa = PBXBuildFile; fileRef = 9F2CD57429EEFE5000239067 /* Assets.xcassets */; };
		9F2CD57829EEFE5000239067 /* LaunchScreen.storyboard in Resources */ = {isa = PBXBuildFile; fileRef = 9F2CD57629EEFE5000239067 /* LaunchScreen.storyboard */; };
		9F2CD58529F024AC00239067 /* MapboxCommon.xcframework in Frameworks */ = {isa = PBXBuildFile; fileRef = 9F2CD58029F024AA00239067 /* MapboxCommon.xcframework */; };
		9F2CD58629F024AC00239067 /* MapboxCommon.xcframework in Embed Frameworks */ = {isa = PBXBuildFile; fileRef = 9F2CD58029F024AA00239067 /* MapboxCommon.xcframework */; settings = {ATTRIBUTES = (CodeSignOnCopy, RemoveHeadersOnCopy, ); }; };
		9F2CD58729F024AC00239067 /* MapboxCoreMaps.xcframework in Frameworks */ = {isa = PBXBuildFile; fileRef = 9F2CD58129F024AA00239067 /* MapboxCoreMaps.xcframework */; };
		9F2CD58829F024AC00239067 /* MapboxCoreMaps.xcframework in Embed Frameworks */ = {isa = PBXBuildFile; fileRef = 9F2CD58129F024AA00239067 /* MapboxCoreMaps.xcframework */; settings = {ATTRIBUTES = (CodeSignOnCopy, RemoveHeadersOnCopy, ); }; };
		9F2CD58929F024AC00239067 /* MapboxMobileEvents.xcframework in Frameworks */ = {isa = PBXBuildFile; fileRef = 9F2CD58229F024AB00239067 /* MapboxMobileEvents.xcframework */; };
		9F2CD58A29F024AC00239067 /* MapboxMobileEvents.xcframework in Embed Frameworks */ = {isa = PBXBuildFile; fileRef = 9F2CD58229F024AB00239067 /* MapboxMobileEvents.xcframework */; settings = {ATTRIBUTES = (CodeSignOnCopy, RemoveHeadersOnCopy, ); }; };
		9F2CD58B29F024AC00239067 /* MapboxMaps.xcframework in Frameworks */ = {isa = PBXBuildFile; fileRef = 9F2CD58329F024AB00239067 /* MapboxMaps.xcframework */; };
		9F2CD58C29F024AD00239067 /* MapboxMaps.xcframework in Embed Frameworks */ = {isa = PBXBuildFile; fileRef = 9F2CD58329F024AB00239067 /* MapboxMaps.xcframework */; settings = {ATTRIBUTES = (CodeSignOnCopy, RemoveHeadersOnCopy, ); }; };
		9F2CD58D29F024AD00239067 /* Turf.xcframework in Frameworks */ = {isa = PBXBuildFile; fileRef = 9F2CD58429F024AC00239067 /* Turf.xcframework */; };
		9F2CD58E29F024AD00239067 /* Turf.xcframework in Embed Frameworks */ = {isa = PBXBuildFile; fileRef = 9F2CD58429F024AC00239067 /* Turf.xcframework */; settings = {ATTRIBUTES = (CodeSignOnCopy, RemoveHeadersOnCopy, ); }; };
		9F2CD59229F1112300239067 /* DataLocation.swift in Sources */ = {isa = PBXBuildFile; fileRef = 9F2CD59129F1112300239067 /* DataLocation.swift */; };
		9F2CD59729F4377A00239067 /* SearchModel.swift in Sources */ = {isa = PBXBuildFile; fileRef = 9F2CD59629F4377A00239067 /* SearchModel.swift */; };
		9F2CD59929F4387800239067 /* SearchViewModel.swift in Sources */ = {isa = PBXBuildFile; fileRef = 9F2CD59829F4387800239067 /* SearchViewModel.swift */; };
		9F2CD59B29F438DB00239067 /* SearchController.swift in Sources */ = {isa = PBXBuildFile; fileRef = 9F2CD59A29F438DB00239067 /* SearchController.swift */; };
		9F2CD59E29F44B4700239067 /* IntroInfoController.swift in Sources */ = {isa = PBXBuildFile; fileRef = 9F2CD59D29F44B4700239067 /* IntroInfoController.swift */; };
		9F2CD5A329F44CA100239067 /* AgeInfoController.swift in Sources */ = {isa = PBXBuildFile; fileRef = 9F2CD5A229F44CA100239067 /* AgeInfoController.swift */; };
		9F2CD5A529F44FA000239067 /* Color.swift in Sources */ = {isa = PBXBuildFile; fileRef = 9F2CD5A429F44FA000239067 /* Color.swift */; };
		9F2CD5A729F45C3A00239067 /* Extensions.swift in Sources */ = {isa = PBXBuildFile; fileRef = 9F2CD5A629F45C3A00239067 /* Extensions.swift */; };
		9FC62EB629F4FC4C0063ADD8 /* Ubuntu-Light.ttf in Resources */ = {isa = PBXBuildFile; fileRef = 9FC62EB529F4FC4C0063ADD8 /* Ubuntu-Light.ttf */; };
		9FC62EB929F4FC850063ADD8 /* Ubuntu-Italic.ttf in Resources */ = {isa = PBXBuildFile; fileRef = 9FC62EB729F4FC850063ADD8 /* Ubuntu-Italic.ttf */; };
		9FC62EBA29F4FC850063ADD8 /* Ubuntu-Bold.ttf in Resources */ = {isa = PBXBuildFile; fileRef = 9FC62EB829F4FC850063ADD8 /* Ubuntu-Bold.ttf */; };
		9FC62EC029FF6E640063ADD8 /* CalendarPageController.swift in Sources */ = {isa = PBXBuildFile; fileRef = 9FC62EBF29FF6E640063ADD8 /* CalendarPageController.swift */; };
		9FC62EC22A0831AF0063ADD8 /* MapSampleController.swift in Sources */ = {isa = PBXBuildFile; fileRef = 9FC62EC12A0831AF0063ADD8 /* MapSampleController.swift */; };
		9FC62EC42A0872940063ADD8 /* MapManager.swift in Sources */ = {isa = PBXBuildFile; fileRef = 9FC62EC32A0872940063ADD8 /* MapManager.swift */; };
		9FC62EC72A089BD70063ADD8 /* NeighbourhoodGeoJson.swift in Sources */ = {isa = PBXBuildFile; fileRef = 9FC62EC62A089BD70063ADD8 /* NeighbourhoodGeoJson.swift */; };
		9FC62EC92A0E94EA0063ADD8 /* MapSearchController.swift in Sources */ = {isa = PBXBuildFile; fileRef = 9FC62EC82A0E94EA0063ADD8 /* MapSearchController.swift */; };
		9FE6DBA82A1C301A002BA940 /* LocationSearchController.swift in Sources */ = {isa = PBXBuildFile; fileRef = 9FE6DBA72A1C301A002BA940 /* LocationSearchController.swift */; };
		9FE6DBAC2A2A00F5002BA940 /* BuildingDetails.swift in Sources */ = {isa = PBXBuildFile; fileRef = 9FE6DBAB2A2A00F5002BA940 /* BuildingDetails.swift */; };
		9FE6DBAE2A2A0114002BA940 /* BuildingDetailsController.swift in Sources */ = {isa = PBXBuildFile; fileRef = 9FE6DBAD2A2A0114002BA940 /* BuildingDetailsController.swift */; };
		9FE6DBB02A2F7A7A002BA940 /* TagListController.swift in Sources */ = {isa = PBXBuildFile; fileRef = 9FE6DBAF2A2F7A7A002BA940 /* TagListController.swift */; };
		9FE6DBB42A305347002BA940 /* NestedSampleController.swift in Sources */ = {isa = PBXBuildFile; fileRef = 9FE6DBB32A305347002BA940 /* NestedSampleController.swift */; };
		9FE6DBB62A3ADAA7002BA940 /* MessageController.swift in Sources */ = {isa = PBXBuildFile; fileRef = 9FE6DBB52A3ADAA7002BA940 /* MessageController.swift */; };
/* End PBXBuildFile section */

/* Begin PBXCopyFilesBuildPhase section */
		9F2CD58F29F024AD00239067 /* Embed Frameworks */ = {
			isa = PBXCopyFilesBuildPhase;
			buildActionMask = 2147483647;
			dstPath = "";
			dstSubfolderSpec = 10;
			files = (
				9F2CD58829F024AC00239067 /* MapboxCoreMaps.xcframework in Embed Frameworks */,
				9F2CD58C29F024AD00239067 /* MapboxMaps.xcframework in Embed Frameworks */,
				9F2CD58629F024AC00239067 /* MapboxCommon.xcframework in Embed Frameworks */,
				9F2CD58E29F024AD00239067 /* Turf.xcframework in Embed Frameworks */,
				9F2CD58A29F024AC00239067 /* MapboxMobileEvents.xcframework in Embed Frameworks */,
			);
			name = "Embed Frameworks";
			runOnlyForDeploymentPostprocessing = 0;
		};
/* End PBXCopyFilesBuildPhase section */

/* Begin PBXFileReference section */
		31DB98EB3432A1D17362D6DB /* Pods_MapDemo.framework */ = {isa = PBXFileReference; explicitFileType = wrapper.framework; includeInIndex = 0; path = Pods_MapDemo.framework; sourceTree = BUILT_PRODUCTS_DIR; };
		3F2C3759863ADB07862D4FB2 /* Pods-MapDemo.release.xcconfig */ = {isa = PBXFileReference; includeInIndex = 1; lastKnownFileType = text.xcconfig; name = "Pods-MapDemo.release.xcconfig"; path = "Target Support Files/Pods-MapDemo/Pods-MapDemo.release.xcconfig"; sourceTree = "<group>"; };
		925962D687D0712AB0F92FA3 /* Pods-MapDemo.debug.xcconfig */ = {isa = PBXFileReference; includeInIndex = 1; lastKnownFileType = text.xcconfig; name = "Pods-MapDemo.debug.xcconfig"; path = "Target Support Files/Pods-MapDemo/Pods-MapDemo.debug.xcconfig"; sourceTree = "<group>"; };
		9F2CD56829EEFE4D00239067 /* MapDemo.app */ = {isa = PBXFileReference; explicitFileType = wrapper.application; includeInIndex = 0; path = MapDemo.app; sourceTree = BUILT_PRODUCTS_DIR; };
		9F2CD56B29EEFE4D00239067 /* AppDelegate.swift */ = {isa = PBXFileReference; lastKnownFileType = sourcecode.swift; path = AppDelegate.swift; sourceTree = "<group>"; };
		9F2CD56F29EEFE4D00239067 /* ViewController.swift */ = {isa = PBXFileReference; lastKnownFileType = sourcecode.swift; path = ViewController.swift; sourceTree = "<group>"; };
		9F2CD57429EEFE5000239067 /* Assets.xcassets */ = {isa = PBXFileReference; lastKnownFileType = folder.assetcatalog; path = Assets.xcassets; sourceTree = "<group>"; };
		9F2CD57729EEFE5000239067 /* Base */ = {isa = PBXFileReference; lastKnownFileType = file.storyboard; name = Base; path = Base.lproj/LaunchScreen.storyboard; sourceTree = "<group>"; };
		9F2CD57929EEFE5000239067 /* Info.plist */ = {isa = PBXFileReference; lastKnownFileType = text.plist.xml; path = Info.plist; sourceTree = "<group>"; };
		9F2CD58029F024AA00239067 /* MapboxCommon.xcframework */ = {isa = PBXFileReference; lastKnownFileType = wrapper.xcframework; name = MapboxCommon.xcframework; path = ../../../Downloads/artifacts/MapboxCommon.xcframework; sourceTree = "<group>"; };
		9F2CD58129F024AA00239067 /* MapboxCoreMaps.xcframework */ = {isa = PBXFileReference; lastKnownFileType = wrapper.xcframework; name = MapboxCoreMaps.xcframework; path = ../../../Downloads/artifacts/MapboxCoreMaps.xcframework; sourceTree = "<group>"; };
		9F2CD58229F024AB00239067 /* MapboxMobileEvents.xcframework */ = {isa = PBXFileReference; lastKnownFileType = wrapper.xcframework; name = MapboxMobileEvents.xcframework; path = ../../../Downloads/artifacts/MapboxMobileEvents.xcframework; sourceTree = "<group>"; };
		9F2CD58329F024AB00239067 /* MapboxMaps.xcframework */ = {isa = PBXFileReference; lastKnownFileType = wrapper.xcframework; name = MapboxMaps.xcframework; path = ../../../Downloads/artifacts/MapboxMaps.xcframework; sourceTree = "<group>"; };
		9F2CD58429F024AC00239067 /* Turf.xcframework */ = {isa = PBXFileReference; lastKnownFileType = wrapper.xcframework; name = Turf.xcframework; path = ../../../Downloads/artifacts/Turf.xcframework; sourceTree = "<group>"; };
		9F2CD59129F1112300239067 /* DataLocation.swift */ = {isa = PBXFileReference; lastKnownFileType = sourcecode.swift; path = DataLocation.swift; sourceTree = "<group>"; };
		9F2CD59629F4377A00239067 /* SearchModel.swift */ = {isa = PBXFileReference; lastKnownFileType = sourcecode.swift; path = SearchModel.swift; sourceTree = "<group>"; };
		9F2CD59829F4387800239067 /* SearchViewModel.swift */ = {isa = PBXFileReference; lastKnownFileType = sourcecode.swift; path = SearchViewModel.swift; sourceTree = "<group>"; };
		9F2CD59A29F438DB00239067 /* SearchController.swift */ = {isa = PBXFileReference; lastKnownFileType = sourcecode.swift; path = SearchController.swift; sourceTree = "<group>"; };
		9F2CD59D29F44B4700239067 /* IntroInfoController.swift */ = {isa = PBXFileReference; lastKnownFileType = sourcecode.swift; path = IntroInfoController.swift; sourceTree = "<group>"; };
		9F2CD5A229F44CA100239067 /* AgeInfoController.swift */ = {isa = PBXFileReference; lastKnownFileType = sourcecode.swift; path = AgeInfoController.swift; sourceTree = "<group>"; };
		9F2CD5A429F44FA000239067 /* Color.swift */ = {isa = PBXFileReference; lastKnownFileType = sourcecode.swift; path = Color.swift; sourceTree = "<group>"; };
		9F2CD5A629F45C3A00239067 /* Extensions.swift */ = {isa = PBXFileReference; lastKnownFileType = sourcecode.swift; path = Extensions.swift; sourceTree = "<group>"; };
		9FC62EB529F4FC4C0063ADD8 /* Ubuntu-Light.ttf */ = {isa = PBXFileReference; lastKnownFileType = file; path = "Ubuntu-Light.ttf"; sourceTree = "<group>"; };
		9FC62EB729F4FC850063ADD8 /* Ubuntu-Italic.ttf */ = {isa = PBXFileReference; lastKnownFileType = file; path = "Ubuntu-Italic.ttf"; sourceTree = "<group>"; };
		9FC62EB829F4FC850063ADD8 /* Ubuntu-Bold.ttf */ = {isa = PBXFileReference; lastKnownFileType = file; path = "Ubuntu-Bold.ttf"; sourceTree = "<group>"; };
		9FC62EBF29FF6E640063ADD8 /* CalendarPageController.swift */ = {isa = PBXFileReference; lastKnownFileType = sourcecode.swift; path = CalendarPageController.swift; sourceTree = "<group>"; };
		9FC62EC12A0831AF0063ADD8 /* MapSampleController.swift */ = {isa = PBXFileReference; lastKnownFileType = sourcecode.swift; path = MapSampleController.swift; sourceTree = "<group>"; };
		9FC62EC32A0872940063ADD8 /* MapManager.swift */ = {isa = PBXFileReference; lastKnownFileType = sourcecode.swift; path = MapManager.swift; sourceTree = "<group>"; };
		9FC62EC62A089BD70063ADD8 /* NeighbourhoodGeoJson.swift */ = {isa = PBXFileReference; lastKnownFileType = sourcecode.swift; path = NeighbourhoodGeoJson.swift; sourceTree = "<group>"; };
		9FC62EC82A0E94EA0063ADD8 /* MapSearchController.swift */ = {isa = PBXFileReference; lastKnownFileType = sourcecode.swift; path = MapSearchController.swift; sourceTree = "<group>"; };
		9FE6DBA72A1C301A002BA940 /* LocationSearchController.swift */ = {isa = PBXFileReference; lastKnownFileType = sourcecode.swift; path = LocationSearchController.swift; sourceTree = "<group>"; };
		9FE6DBAB2A2A00F5002BA940 /* BuildingDetails.swift */ = {isa = PBXFileReference; lastKnownFileType = sourcecode.swift; path = BuildingDetails.swift; sourceTree = "<group>"; };
		9FE6DBAD2A2A0114002BA940 /* BuildingDetailsController.swift */ = {isa = PBXFileReference; lastKnownFileType = sourcecode.swift; path = BuildingDetailsController.swift; sourceTree = "<group>"; };
		9FE6DBAF2A2F7A7A002BA940 /* TagListController.swift */ = {isa = PBXFileReference; lastKnownFileType = sourcecode.swift; path = TagListController.swift; sourceTree = "<group>"; };
		9FE6DBB32A305347002BA940 /* NestedSampleController.swift */ = {isa = PBXFileReference; lastKnownFileType = sourcecode.swift; path = NestedSampleController.swift; sourceTree = "<group>"; };
		9FE6DBB52A3ADAA7002BA940 /* MessageController.swift */ = {isa = PBXFileReference; lastKnownFileType = sourcecode.swift; path = MessageController.swift; sourceTree = "<group>"; };
/* End PBXFileReference section */

/* Begin PBXFrameworksBuildPhase section */
		9F2CD56529EEFE4D00239067 /* Frameworks */ = {
			isa = PBXFrameworksBuildPhase;
			buildActionMask = 2147483647;
			files = (
				9F2CD58729F024AC00239067 /* MapboxCoreMaps.xcframework in Frameworks */,
				9F2CD58B29F024AC00239067 /* MapboxMaps.xcframework in Frameworks */,
				9F2CD58529F024AC00239067 /* MapboxCommon.xcframework in Frameworks */,
				9F2CD58D29F024AD00239067 /* Turf.xcframework in Frameworks */,
				9F2CD58929F024AC00239067 /* MapboxMobileEvents.xcframework in Frameworks */,
				127F94BAB861FF7F4105FC60 /* Pods_MapDemo.framework in Frameworks */,
			);
			runOnlyForDeploymentPostprocessing = 0;
		};
/* End PBXFrameworksBuildPhase section */

/* Begin PBXGroup section */
		798A05C32D5B25DDBC681D86 /* Pods */ = {
			isa = PBXGroup;
			children = (
				925962D687D0712AB0F92FA3 /* Pods-MapDemo.debug.xcconfig */,
				3F2C3759863ADB07862D4FB2 /* Pods-MapDemo.release.xcconfig */,
			);
			path = Pods;
			sourceTree = "<group>";
		};
		9F2CD55F29EEFE4D00239067 = {
			isa = PBXGroup;
			children = (
				9F2CD56A29EEFE4D00239067 /* MapDemo */,
				9F2CD56929EEFE4D00239067 /* Products */,
				9F2CD57F29F024A900239067 /* Frameworks */,
				798A05C32D5B25DDBC681D86 /* Pods */,
			);
			sourceTree = "<group>";
		};
		9F2CD56929EEFE4D00239067 /* Products */ = {
			isa = PBXGroup;
			children = (
				9F2CD56829EEFE4D00239067 /* MapDemo.app */,
			);
			name = Products;
			sourceTree = "<group>";
		};
		9F2CD56A29EEFE4D00239067 /* MapDemo */ = {
			isa = PBXGroup;
			children = (
				9F2CD59F29F44BC700239067 /* Resources */,
				9F2CD59429F4368C00239067 /* Controller */,
				9F2CD59329F4367400239067 /* ViewModel */,
				9F2CD56B29EEFE4D00239067 /* AppDelegate.swift */,
				9F2CD59029F110EA00239067 /* Model */,
				9F2CD57429EEFE5000239067 /* Assets.xcassets */,
				9F2CD57629EEFE5000239067 /* LaunchScreen.storyboard */,
				9F2CD57929EEFE5000239067 /* Info.plist */,
			);
			path = MapDemo;
			sourceTree = "<group>";
		};
		9F2CD57F29F024A900239067 /* Frameworks */ = {
			isa = PBXGroup;
			children = (
				9F2CD58029F024AA00239067 /* MapboxCommon.xcframework */,
				9F2CD58129F024AA00239067 /* MapboxCoreMaps.xcframework */,
				9F2CD58329F024AB00239067 /* MapboxMaps.xcframework */,
				9F2CD58229F024AB00239067 /* MapboxMobileEvents.xcframework */,
				9F2CD58429F024AC00239067 /* Turf.xcframework */,
				31DB98EB3432A1D17362D6DB /* Pods_MapDemo.framework */,
			);
			name = Frameworks;
			sourceTree = "<group>";
		};
		9F2CD59029F110EA00239067 /* Model */ = {
			isa = PBXGroup;
			children = (
				9F2CD59129F1112300239067 /* DataLocation.swift */,
				9F2CD59629F4377A00239067 /* SearchModel.swift */,
				9FC62EC62A089BD70063ADD8 /* NeighbourhoodGeoJson.swift */,
				9FE6DBAB2A2A00F5002BA940 /* BuildingDetails.swift */,
			);
			path = Model;
			sourceTree = "<group>";
		};
		9F2CD59329F4367400239067 /* ViewModel */ = {
			isa = PBXGroup;
			children = (
				9F2CD59829F4387800239067 /* SearchViewModel.swift */,
				9FC62EC32A0872940063ADD8 /* MapManager.swift */,
			);
			path = ViewModel;
			sourceTree = "<group>";
		};
		9F2CD59429F4368C00239067 /* Controller */ = {
			isa = PBXGroup;
			children = (
				9F2CD56F29EEFE4D00239067 /* ViewController.swift */,
				9F2CD59A29F438DB00239067 /* SearchController.swift */,
				9F2CD59D29F44B4700239067 /* IntroInfoController.swift */,
				9F2CD5A229F44CA100239067 /* AgeInfoController.swift */,
				9FC62EBF29FF6E640063ADD8 /* CalendarPageController.swift */,
				9FC62EC12A0831AF0063ADD8 /* MapSampleController.swift */,
				9FC62EC82A0E94EA0063ADD8 /* MapSearchController.swift */,
				9FE6DBA72A1C301A002BA940 /* LocationSearchController.swift */,
				9FE6DBAD2A2A0114002BA940 /* BuildingDetailsController.swift */,
				9FE6DBAF2A2F7A7A002BA940 /* TagListController.swift */,
				9FE6DBB32A305347002BA940 /* NestedSampleController.swift */,
				9FE6DBB52A3ADAA7002BA940 /* MessageController.swift */,
			);
			path = Controller;
			sourceTree = "<group>";
		};
		9F2CD59F29F44BC700239067 /* Resources */ = {
			isa = PBXGroup;
			children = (
				9FC62EBC29FAD7360063ADD8 /* Controls */,
				9FC62EBB29F4FD1E0063ADD8 /* Fonts */,
				9F2CD5A429F44FA000239067 /* Color.swift */,
				9F2CD5A629F45C3A00239067 /* Extensions.swift */,
			);
			path = Resources;
			sourceTree = "<group>";
		};
		9FC62EBB29F4FD1E0063ADD8 /* Fonts */ = {
			isa = PBXGroup;
			children = (
				9FC62EB829F4FC850063ADD8 /* Ubuntu-Bold.ttf */,
				9FC62EB729F4FC850063ADD8 /* Ubuntu-Italic.ttf */,
				9FC62EB529F4FC4C0063ADD8 /* Ubuntu-Light.ttf */,
			);
			path = Fonts;
			sourceTree = "<group>";
		};
		9FC62EBC29FAD7360063ADD8 /* Controls */ = {
			isa = PBXGroup;
			children = (
			);
			path = Controls;
			sourceTree = "<group>";
		};
/* End PBXGroup section */

/* Begin PBXNativeTarget section */
		9F2CD56729EEFE4D00239067 /* MapDemo */ = {
			isa = PBXNativeTarget;
			buildConfigurationList = 9F2CD57C29EEFE5000239067 /* Build configuration list for PBXNativeTarget "MapDemo" */;
			buildPhases = (
				6B71B9A56B9FDFB68F36E7D7 /* [CP] Check Pods Manifest.lock */,
				9F2CD56429EEFE4D00239067 /* Sources */,
				9F2CD56529EEFE4D00239067 /* Frameworks */,
				9F2CD56629EEFE4D00239067 /* Resources */,
				9F2CD58F29F024AD00239067 /* Embed Frameworks */,
				2D056872B9F541F01F838D26 /* [CP] Embed Pods Frameworks */,
			);
			buildRules = (
			);
			dependencies = (
			);
			name = MapDemo;
			productName = MapDemo;
			productReference = 9F2CD56829EEFE4D00239067 /* MapDemo.app */;
			productType = "com.apple.product-type.application";
		};
/* End PBXNativeTarget section */

/* Begin PBXProject section */
		9F2CD56029EEFE4D00239067 /* Project object */ = {
			isa = PBXProject;
			attributes = {
				BuildIndependentTargetsInParallel = 1;
				LastSwiftUpdateCheck = 1430;
				LastUpgradeCheck = 1430;
				TargetAttributes = {
					9F2CD56729EEFE4D00239067 = {
						CreatedOnToolsVersion = 14.3;
					};
				};
			};
			buildConfigurationList = 9F2CD56329EEFE4D00239067 /* Build configuration list for PBXProject "MapDemo" */;
			compatibilityVersion = "Xcode 14.0";
			developmentRegion = en;
			hasScannedForEncodings = 0;
			knownRegions = (
				en,
				Base,
			);
			mainGroup = 9F2CD55F29EEFE4D00239067;
			productRefGroup = 9F2CD56929EEFE4D00239067 /* Products */;
			projectDirPath = "";
			projectRoot = "";
			targets = (
				9F2CD56729EEFE4D00239067 /* MapDemo */,
			);
		};
/* End PBXProject section */

/* Begin PBXResourcesBuildPhase section */
		9F2CD56629EEFE4D00239067 /* Resources */ = {
			isa = PBXResourcesBuildPhase;
			buildActionMask = 2147483647;
			files = (
				9FC62EBA29F4FC850063ADD8 /* Ubuntu-Bold.ttf in Resources */,
				9F2CD57829EEFE5000239067 /* LaunchScreen.storyboard in Resources */,
				9FC62EB629F4FC4C0063ADD8 /* Ubuntu-Light.ttf in Resources */,
				9F2CD57529EEFE5000239067 /* Assets.xcassets in Resources */,
				9FC62EB929F4FC850063ADD8 /* Ubuntu-Italic.ttf in Resources */,
			);
			runOnlyForDeploymentPostprocessing = 0;
		};
/* End PBXResourcesBuildPhase section */

/* Begin PBXShellScriptBuildPhase section */
		2D056872B9F541F01F838D26 /* [CP] Embed Pods Frameworks */ = {
			isa = PBXShellScriptBuildPhase;
			buildActionMask = 2147483647;
			files = (
			);
			inputFileListPaths = (
				"${PODS_ROOT}/Target Support Files/Pods-MapDemo/Pods-MapDemo-frameworks-${CONFIGURATION}-input-files.xcfilelist",
			);
			name = "[CP] Embed Pods Frameworks";
			outputFileListPaths = (
				"${PODS_ROOT}/Target Support Files/Pods-MapDemo/Pods-MapDemo-frameworks-${CONFIGURATION}-output-files.xcfilelist",
			);
			runOnlyForDeploymentPostprocessing = 0;
			shellPath = /bin/sh;
			shellScript = "\"${PODS_ROOT}/Target Support Files/Pods-MapDemo/Pods-MapDemo-frameworks.sh\"\n";
			showEnvVarsInLog = 0;
		};
		6B71B9A56B9FDFB68F36E7D7 /* [CP] Check Pods Manifest.lock */ = {
			isa = PBXShellScriptBuildPhase;
			buildActionMask = 2147483647;
			files = (
			);
			inputFileListPaths = (
			);
			inputPaths = (
				"${PODS_PODFILE_DIR_PATH}/Podfile.lock",
				"${PODS_ROOT}/Manifest.lock",
			);
			name = "[CP] Check Pods Manifest.lock";
			outputFileListPaths = (
			);
			outputPaths = (
				"$(DERIVED_FILE_DIR)/Pods-MapDemo-checkManifestLockResult.txt",
			);
			runOnlyForDeploymentPostprocessing = 0;
			shellPath = /bin/sh;
			shellScript = "diff \"${PODS_PODFILE_DIR_PATH}/Podfile.lock\" \"${PODS_ROOT}/Manifest.lock\" > /dev/null\nif [ $? != 0 ] ; then\n    # print error to STDERR\n    echo \"error: The sandbox is not in sync with the Podfile.lock. Run 'pod install' or update your CocoaPods installation.\" >&2\n    exit 1\nfi\n# This output is used by Xcode 'outputs' to avoid re-running this script phase.\necho \"SUCCESS\" > \"${SCRIPT_OUTPUT_FILE_0}\"\n";
			showEnvVarsInLog = 0;
		};
/* End PBXShellScriptBuildPhase section */

/* Begin PBXSourcesBuildPhase section */
		9F2CD56429EEFE4D00239067 /* Sources */ = {
			isa = PBXSourcesBuildPhase;
			buildActionMask = 2147483647;
			files = (
				9FE6DBB42A305347002BA940 /* NestedSampleController.swift in Sources */,
				9F2CD57029EEFE4D00239067 /* ViewController.swift in Sources */,
				9F2CD59B29F438DB00239067 /* SearchController.swift in Sources */,
				9F2CD59929F4387800239067 /* SearchViewModel.swift in Sources */,
				9FE6DBB02A2F7A7A002BA940 /* TagListController.swift in Sources */,
				9F2CD59229F1112300239067 /* DataLocation.swift in Sources */,
				9FC62EC92A0E94EA0063ADD8 /* MapSearchController.swift in Sources */,
				9F2CD59E29F44B4700239067 /* IntroInfoController.swift in Sources */,
				9F2CD5A729F45C3A00239067 /* Extensions.swift in Sources */,
				9F2CD56C29EEFE4D00239067 /* AppDelegate.swift in Sources */,
				9FE6DBAE2A2A0114002BA940 /* BuildingDetailsController.swift in Sources */,
				9FC62EC029FF6E640063ADD8 /* CalendarPageController.swift in Sources */,
				9FE6DBAC2A2A00F5002BA940 /* BuildingDetails.swift in Sources */,
				9FC62EC22A0831AF0063ADD8 /* MapSampleController.swift in Sources */,
				9F2CD59729F4377A00239067 /* SearchModel.swift in Sources */,
				9FC62EC42A0872940063ADD8 /* MapManager.swift in Sources */,
				9FE6DBB62A3ADAA7002BA940 /* MessageController.swift in Sources */,
				9FE6DBA82A1C301A002BA940 /* LocationSearchController.swift in Sources */,
				9F2CD5A329F44CA100239067 /* AgeInfoController.swift in Sources */,
				9F2CD5A529F44FA000239067 /* Color.swift in Sources */,
				9FC62EC72A089BD70063ADD8 /* NeighbourhoodGeoJson.swift in Sources */,
			);
			runOnlyForDeploymentPostprocessing = 0;
		};
/* End PBXSourcesBuildPhase section */

/* Begin PBXVariantGroup section */
		9F2CD57629EEFE5000239067 /* LaunchScreen.storyboard */ = {
			isa = PBXVariantGroup;
			children = (
				9F2CD57729EEFE5000239067 /* Base */,
			);
			name = LaunchScreen.storyboard;
			sourceTree = "<group>";
		};
/* End PBXVariantGroup section */

/* Begin XCBuildConfiguration section */
		9F2CD57A29EEFE5000239067 /* Debug */ = {
			isa = XCBuildConfiguration;
			buildSettings = {
				ALWAYS_SEARCH_USER_PATHS = NO;
				CLANG_ANALYZER_NONNULL = YES;
				CLANG_ANALYZER_NUMBER_OBJECT_CONVERSION = YES_AGGRESSIVE;
				CLANG_CXX_LANGUAGE_STANDARD = "gnu++20";
				CLANG_ENABLE_MODULES = YES;
				CLANG_ENABLE_OBJC_ARC = YES;
				CLANG_ENABLE_OBJC_WEAK = YES;
				CLANG_WARN_BLOCK_CAPTURE_AUTORELEASING = YES;
				CLANG_WARN_BOOL_CONVERSION = YES;
				CLANG_WARN_COMMA = YES;
				CLANG_WARN_CONSTANT_CONVERSION = YES;
				CLANG_WARN_DEPRECATED_OBJC_IMPLEMENTATIONS = YES;
				CLANG_WARN_DIRECT_OBJC_ISA_USAGE = YES_ERROR;
				CLANG_WARN_DOCUMENTATION_COMMENTS = YES;
				CLANG_WARN_EMPTY_BODY = YES;
				CLANG_WARN_ENUM_CONVERSION = YES;
				CLANG_WARN_INFINITE_RECURSION = YES;
				CLANG_WARN_INT_CONVERSION = YES;
				CLANG_WARN_NON_LITERAL_NULL_CONVERSION = YES;
				CLANG_WARN_OBJC_IMPLICIT_RETAIN_SELF = YES;
				CLANG_WARN_OBJC_LITERAL_CONVERSION = YES;
				CLANG_WARN_OBJC_ROOT_CLASS = YES_ERROR;
				CLANG_WARN_QUOTED_INCLUDE_IN_FRAMEWORK_HEADER = YES;
				CLANG_WARN_RANGE_LOOP_ANALYSIS = YES;
				CLANG_WARN_STRICT_PROTOTYPES = YES;
				CLANG_WARN_SUSPICIOUS_MOVE = YES;
				CLANG_WARN_UNGUARDED_AVAILABILITY = YES_AGGRESSIVE;
				CLANG_WARN_UNREACHABLE_CODE = YES;
				CLANG_WARN__DUPLICATE_METHOD_MATCH = YES;
				COPY_PHASE_STRIP = NO;
				DEBUG_INFORMATION_FORMAT = dwarf;
				ENABLE_STRICT_OBJC_MSGSEND = YES;
				ENABLE_TESTABILITY = YES;
				GCC_C_LANGUAGE_STANDARD = gnu11;
				GCC_DYNAMIC_NO_PIC = NO;
				GCC_NO_COMMON_BLOCKS = YES;
				GCC_OPTIMIZATION_LEVEL = 0;
				GCC_PREPROCESSOR_DEFINITIONS = (
					"DEBUG=1",
					"$(inherited)",
				);
				GCC_WARN_64_TO_32_BIT_CONVERSION = YES;
				GCC_WARN_ABOUT_RETURN_TYPE = YES_ERROR;
				GCC_WARN_UNDECLARED_SELECTOR = YES;
				GCC_WARN_UNINITIALIZED_AUTOS = YES_AGGRESSIVE;
				GCC_WARN_UNUSED_FUNCTION = YES;
				GCC_WARN_UNUSED_VARIABLE = YES;
				IPHONEOS_DEPLOYMENT_TARGET = 16.4;
				MTL_ENABLE_DEBUG_INFO = INCLUDE_SOURCE;
				MTL_FAST_MATH = YES;
				ONLY_ACTIVE_ARCH = YES;
				SDKROOT = iphoneos;
				SWIFT_ACTIVE_COMPILATION_CONDITIONS = DEBUG;
				SWIFT_OPTIMIZATION_LEVEL = "-Onone";
			};
			name = Debug;
		};
		9F2CD57B29EEFE5000239067 /* Release */ = {
			isa = XCBuildConfiguration;
			buildSettings = {
				ALWAYS_SEARCH_USER_PATHS = NO;
				CLANG_ANALYZER_NONNULL = YES;
				CLANG_ANALYZER_NUMBER_OBJECT_CONVERSION = YES_AGGRESSIVE;
				CLANG_CXX_LANGUAGE_STANDARD = "gnu++20";
				CLANG_ENABLE_MODULES = YES;
				CLANG_ENABLE_OBJC_ARC = YES;
				CLANG_ENABLE_OBJC_WEAK = YES;
				CLANG_WARN_BLOCK_CAPTURE_AUTORELEASING = YES;
				CLANG_WARN_BOOL_CONVERSION = YES;
				CLANG_WARN_COMMA = YES;
				CLANG_WARN_CONSTANT_CONVERSION = YES;
				CLANG_WARN_DEPRECATED_OBJC_IMPLEMENTATIONS = YES;
				CLANG_WARN_DIRECT_OBJC_ISA_USAGE = YES_ERROR;
				CLANG_WARN_DOCUMENTATION_COMMENTS = YES;
				CLANG_WARN_EMPTY_BODY = YES;
				CLANG_WARN_ENUM_CONVERSION = YES;
				CLANG_WARN_INFINITE_RECURSION = YES;
				CLANG_WARN_INT_CONVERSION = YES;
				CLANG_WARN_NON_LITERAL_NULL_CONVERSION = YES;
				CLANG_WARN_OBJC_IMPLICIT_RETAIN_SELF = YES;
				CLANG_WARN_OBJC_LITERAL_CONVERSION = YES;
				CLANG_WARN_OBJC_ROOT_CLASS = YES_ERROR;
				CLANG_WARN_QUOTED_INCLUDE_IN_FRAMEWORK_HEADER = YES;
				CLANG_WARN_RANGE_LOOP_ANALYSIS = YES;
				CLANG_WARN_STRICT_PROTOTYPES = YES;
				CLANG_WARN_SUSPICIOUS_MOVE = YES;
				CLANG_WARN_UNGUARDED_AVAILABILITY = YES_AGGRESSIVE;
				CLANG_WARN_UNREACHABLE_CODE = YES;
				CLANG_WARN__DUPLICATE_METHOD_MATCH = YES;
				COPY_PHASE_STRIP = NO;
				DEBUG_INFORMATION_FORMAT = "dwarf-with-dsym";
				ENABLE_NS_ASSERTIONS = NO;
				ENABLE_STRICT_OBJC_MSGSEND = YES;
				GCC_C_LANGUAGE_STANDARD = gnu11;
				GCC_NO_COMMON_BLOCKS = YES;
				GCC_WARN_64_TO_32_BIT_CONVERSION = YES;
				GCC_WARN_ABOUT_RETURN_TYPE = YES_ERROR;
				GCC_WARN_UNDECLARED_SELECTOR = YES;
				GCC_WARN_UNINITIALIZED_AUTOS = YES_AGGRESSIVE;
				GCC_WARN_UNUSED_FUNCTION = YES;
				GCC_WARN_UNUSED_VARIABLE = YES;
				IPHONEOS_DEPLOYMENT_TARGET = 16.4;
				MTL_ENABLE_DEBUG_INFO = NO;
				MTL_FAST_MATH = YES;
				SDKROOT = iphoneos;
				SWIFT_COMPILATION_MODE = wholemodule;
				SWIFT_OPTIMIZATION_LEVEL = "-O";
				VALIDATE_PRODUCT = YES;
			};
			name = Release;
		};
		9F2CD57D29EEFE5000239067 /* Debug */ = {
			isa = XCBuildConfiguration;
			baseConfigurationReference = 925962D687D0712AB0F92FA3 /* Pods-MapDemo.debug.xcconfig */;
			buildSettings = {
				ASSETCATALOG_COMPILER_APPICON_NAME = AppIcon;
				ASSETCATALOG_COMPILER_GLOBAL_ACCENT_COLOR_NAME = AccentColor;
				CODE_SIGN_STYLE = Automatic;
				CURRENT_PROJECT_VERSION = 1;
				DEVELOPMENT_TEAM = TUN8M8G3Q6;
				GENERATE_INFOPLIST_FILE = YES;
				INFOPLIST_FILE = MapDemo/Info.plist;
				INFOPLIST_KEY_UIApplicationSupportsIndirectInputEvents = YES;
				INFOPLIST_KEY_UILaunchStoryboardName = LaunchScreen;
				INFOPLIST_KEY_UIRequiresFullScreen = NO;
				INFOPLIST_KEY_UISupportedInterfaceOrientations_iPad = "UIInterfaceOrientationPortrait UIInterfaceOrientationPortraitUpsideDown UIInterfaceOrientationLandscapeLeft UIInterfaceOrientationLandscapeRight";
				INFOPLIST_KEY_UISupportedInterfaceOrientations_iPhone = "UIInterfaceOrientationPortrait UIInterfaceOrientationLandscapeLeft UIInterfaceOrientationLandscapeRight";
				LD_RUNPATH_SEARCH_PATHS = (
					"$(inherited)",
					"@executable_path/Frameworks",
				);
				MARKETING_VERSION = 1.0;
				PRODUCT_BUNDLE_IDENTIFIER = ca.vaj.com.MapDemo;
				PRODUCT_NAME = "$(TARGET_NAME)";
				SWIFT_EMIT_LOC_STRINGS = YES;
				SWIFT_VERSION = 5.0;
				TARGETED_DEVICE_FAMILY = "1,2";
			};
			name = Debug;
		};
		9F2CD57E29EEFE5000239067 /* Release */ = {
			isa = XCBuildConfiguration;
			baseConfigurationReference = 3F2C3759863ADB07862D4FB2 /* Pods-MapDemo.release.xcconfig */;
			buildSettings = {
				ASSETCATALOG_COMPILER_APPICON_NAME = AppIcon;
				ASSETCATALOG_COMPILER_GLOBAL_ACCENT_COLOR_NAME = AccentColor;
				CODE_SIGN_STYLE = Automatic;
				CURRENT_PROJECT_VERSION = 1;
				DEVELOPMENT_TEAM = TUN8M8G3Q6;
				GENERATE_INFOPLIST_FILE = YES;
				INFOPLIST_FILE = MapDemo/Info.plist;
				INFOPLIST_KEY_UIApplicationSupportsIndirectInputEvents = YES;
				INFOPLIST_KEY_UILaunchStoryboardName = LaunchScreen;
				INFOPLIST_KEY_UIRequiresFullScreen = NO;
				INFOPLIST_KEY_UISupportedInterfaceOrientations_iPad = "UIInterfaceOrientationPortrait UIInterfaceOrientationPortraitUpsideDown UIInterfaceOrientationLandscapeLeft UIInterfaceOrientationLandscapeRight";
				INFOPLIST_KEY_UISupportedInterfaceOrientations_iPhone = "UIInterfaceOrientationPortrait UIInterfaceOrientationLandscapeLeft UIInterfaceOrientationLandscapeRight";
				LD_RUNPATH_SEARCH_PATHS = (
					"$(inherited)",
					"@executable_path/Frameworks",
				);
				MARKETING_VERSION = 1.0;
				PRODUCT_BUNDLE_IDENTIFIER = ca.vaj.com.MapDemo;
				PRODUCT_NAME = "$(TARGET_NAME)";
				SWIFT_EMIT_LOC_STRINGS = YES;
				SWIFT_VERSION = 5.0;
				TARGETED_DEVICE_FAMILY = "1,2";
			};
			name = Release;
		};
/* End XCBuildConfiguration section */

/* Begin XCConfigurationList section */
		9F2CD56329EEFE4D00239067 /* Build configuration list for PBXProject "MapDemo" */ = {
			isa = XCConfigurationList;
			buildConfigurations = (
				9F2CD57A29EEFE5000239067 /* Debug */,
				9F2CD57B29EEFE5000239067 /* Release */,
			);
			defaultConfigurationIsVisible = 0;
			defaultConfigurationName = Release;
		};
		9F2CD57C29EEFE5000239067 /* Build configuration list for PBXNativeTarget "MapDemo" */ = {
			isa = XCConfigurationList;
			buildConfigurations = (
				9F2CD57D29EEFE5000239067 /* Debug */,
				9F2CD57E29EEFE5000239067 /* Release */,
			);
			defaultConfigurationIsVisible = 0;
			defaultConfigurationName = Release;
		};
/* End XCConfigurationList section */
	};
	rootObject = 9F2CD56029EEFE4D00239067 /* Project object */;
}
